
Microsoft Visual Studio Solution File, Format Version 12.00
# Visual Studio Version 16
VisualStudioVersion = 16.0.30011.22
MinimumVisualStudioVersion = 10.0.40219.1
Project("{FAE04EC0-301F-11D3-BF4B-00C04F79EFBC}") = "Lesson1Task3", "Lesson1Task3\Lesson1Task3.csproj", "{69C34F82-40AE-4A47-BDFB-8035C2D1489A}"
EndProject
Global
	GlobalSection(SolutionConfigurationPlatforms) = preSolution
		Debug|Any CPU = Debug|Any CPU
		Release|Any CPU = Release|Any CPU
	EndGlobalSection
	GlobalSection(ProjectConfigurationPlatforms) = postSolution
		{69C34F82-40AE-4A47-BDFB-8035C2D1489A}.Debug|Any CPU.ActiveCfg = Debug|Any CPU
		{69C34F82-40AE-4A47-BDFB-8035C2D1489A}.Debug|Any CPU.Build.0 = Debug|Any CPU
		{69C34F82-40AE-4A47-BDFB-8035C2D1489A}.Release|Any CPU.ActiveCfg = Release|Any CPU
		{69C34F82-40AE-4A47-BDFB-8035C2D1489A}.Release|Any CPU.Build.0 = Release|Any CPU
	EndGlobalSection
	GlobalSection(SolutionProperties) = preSolution
		HideSolutionNode = FALSE
	EndGlobalSection
	GlobalSection(ExtensibilityGlobals) = postSolution
		SolutionGuid = {F43CB4A0-B3F9-4000-9A40-8D0A9BBDE892}
	EndGlobalSection
EndGlobal
